
Microsoft Visual Studio Solution File, Format Version 12.00
# Visual Studio Version 16
VisualStudioVersion = 16.0.30804.86
MinimumVisualStudioVersion = 10.0.40219.1
Project("{FAE04EC0-301F-11D3-BF4B-00C04F79EFBC}") = "CustomListAndTDD", "CustomListAndTDD.csproj", "{18E51F74-EC9A-4E7B-9D94-3F5741235473}"
EndProject
Project("{FAE04EC0-301F-11D3-BF4B-00C04F79EFBC}") = "CustomListTDD", "..\CustomListTDD\CustomListTDD.csproj", "{5DBA5076-631B-4690-A2C2-E962EF7C11AE}"
EndProject
Global
	GlobalSection(SolutionConfigurationPlatforms) = preSolution
		Debug|Any CPU = Debug|Any CPU
		Release|Any CPU = Release|Any CPU
	EndGlobalSection
	GlobalSection(ProjectConfigurationPlatforms) = postSolution
		{18E51F74-EC9A-4E7B-9D94-3F5741235473}.Debug|Any CPU.ActiveCfg = Debug|Any CPU
		{18E51F74-EC9A-4E7B-9D94-3F5741235473}.Debug|Any CPU.Build.0 = Debug|Any CPU
		{18E51F74-EC9A-4E7B-9D94-3F5741235473}.Release|Any CPU.ActiveCfg = Release|Any CPU
		{18E51F74-EC9A-4E7B-9D94-3F5741235473}.Release|Any CPU.Build.0 = Release|Any CPU
		{5DBA5076-631B-4690-A2C2-E962EF7C11AE}.Debug|Any CPU.ActiveCfg = Debug|Any CPU
		{5DBA5076-631B-4690-A2C2-E962EF7C11AE}.Debug|Any CPU.Build.0 = Debug|Any CPU
		{5DBA5076-631B-4690-A2C2-E962EF7C11AE}.Release|Any CPU.ActiveCfg = Release|Any CPU
		{5DBA5076-631B-4690-A2C2-E962EF7C11AE}.Release|Any CPU.Build.0 = Release|Any CPU
	EndGlobalSection
	GlobalSection(SolutionProperties) = preSolution
		HideSolutionNode = FALSE
	EndGlobalSection
	GlobalSection(ExtensibilityGlobals) = postSolution
		SolutionGuid = {26D618D5-3462-4806-8C26-F7673394892D}
	EndGlobalSection
EndGlobal
